
Microsoft Visual Studio Solution File, Format Version 12.00
# Visual Studio Version 16
VisualStudioVersion = 16.0.31424.327
MinimumVisualStudioVersion = 10.0.40219.1
Project("{FAE04EC0-301F-11D3-BF4B-00C04F79EFBC}") = "NajmSound", "NajmSound\NajmSound.csproj", "{C15BAEAC-26ED-42D9-921A-41ED2EAAA8DD}"
EndProject
Global
	GlobalSection(SolutionConfigurationPlatforms) = preSolution
		Debug|Any CPU = Debug|Any CPU
		Release|Any CPU = Release|Any CPU
	EndGlobalSection
	GlobalSection(ProjectConfigurationPlatforms) = postSolution
		{C15BAEAC-26ED-42D9-921A-41ED2EAAA8DD}.Debug|Any CPU.ActiveCfg = Debug|Any CPU
		{C15BAEAC-26ED-42D9-921A-41ED2EAAA8DD}.Debug|Any CPU.Build.0 = Debug|Any CPU
		{C15BAEAC-26ED-42D9-921A-41ED2EAAA8DD}.Release|Any CPU.ActiveCfg = Release|Any CPU
		{C15BAEAC-26ED-42D9-921A-41ED2EAAA8DD}.Release|Any CPU.Build.0 = Release|Any CPU
	EndGlobalSection
	GlobalSection(SolutionProperties) = preSolution
		HideSolutionNode = FALSE
	EndGlobalSection
	GlobalSection(ExtensibilityGlobals) = postSolution
		SolutionGuid = {92A45A13-ADF5-4635-908F-888910249B56}
	EndGlobalSection
EndGlobal
